// !$*UTF8*$!
{
	archiveVersion = 1;
	classes = {
	};
	objectVersion = 46;
	objects = {

/* Begin PBXBuildFile section */
		B903BF2E1434BE07004CD130 /* UIKit.framework in Frameworks */ = {isa = PBXBuildFile; fileRef = B903BF2D1434BE07004CD130 /* UIKit.framework */; };
		B903BF301434BE07004CD130 /* Foundation.framework in Frameworks */ = {isa = PBXBuildFile; fileRef = B903BF2F1434BE07004CD130 /* Foundation.framework */; };
		B903BF321434BE07004CD130 /* CoreGraphics.framework in Frameworks */ = {isa = PBXBuildFile; fileRef = B903BF311434BE07004CD130 /* CoreGraphics.framework */; };
		B95736C31455F9700032CBE0 /* InfoPlist.strings in Resources */ = {isa = PBXBuildFile; fileRef = B95736BA1455F9700032CBE0 /* InfoPlist.strings */; };
		B95736C41455F9700032CBE0 /* MainWindow.xib in Resources */ = {isa = PBXBuildFile; fileRef = B95736BC1455F9700032CBE0 /* MainWindow.xib */; };
		B95736C51455F9700032CBE0 /* main.m in Sources */ = {isa = PBXBuildFile; fileRef = B95736BE1455F9700032CBE0 /* main.m */; };
		B972D5931459EDA0004B9F79 /* RegularExpressionsAppDelegate.m in Sources */ = {isa = PBXBuildFile; fileRef = B972D5941459EDA0004B9F79 /* RegularExpressionsAppDelegate.m */; };
		B99C3BF31434BEF5002DE9A7 /* libPrivateCodeLibrary.a in Frameworks */ = {isa = PBXBuildFile; fileRef = B99C3BEF1434BEED002DE9A7 /* libPrivateCodeLibrary.a */; };
		B9E2C7A31459FC3000CF8F24 /* blubb.strings in Resources */ = {isa = PBXBuildFile; fileRef = B9E2C7A11459FC3000CF8F24 /* blubb.strings */; };
/* End PBXBuildFile section */

/* Begin PBXContainerItemProxy section */
		B99C3BEE1434BEED002DE9A7 /* PBXContainerItemProxy */ = {
			isa = PBXContainerItemProxy;
			containerPortal = B99C3BE61434BEEC002DE9A7 /* PrivateCodeLibrary.xcodeproj */;
			proxyType = 2;
			remoteGlobalIDString = D560ACF9138AF6260010DD6C;
			remoteInfo = PrivateCodeLibrary;
		};
		B99C3BF01434BEED002DE9A7 /* PBXContainerItemProxy */ = {
			isa = PBXContainerItemProxy;
			containerPortal = B99C3BE61434BEEC002DE9A7 /* PrivateCodeLibrary.xcodeproj */;
			proxyType = 2;
			remoteGlobalIDString = D560AD06138AF6260010DD6C;
			remoteInfo = PrivateCodeLibraryTests;
		};
/* End PBXContainerItemProxy section */

/* Begin PBXFileReference section */
		B903BF291434BE07004CD130 /* RegularExpressions.app */ = {isa = PBXFileReference; explicitFileType = wrapper.application; includeInIndex = 0; path = RegularExpressions.app; sourceTree = BUILT_PRODUCTS_DIR; };
		B903BF2D1434BE07004CD130 /* UIKit.framework */ = {isa = PBXFileReference; lastKnownFileType = wrapper.framework; name = UIKit.framework; path = System/Library/Frameworks/UIKit.framework; sourceTree = SDKROOT; };
		B903BF2F1434BE07004CD130 /* Foundation.framework */ = {isa = PBXFileReference; lastKnownFileType = wrapper.framework; name = Foundation.framework; path = System/Library/Frameworks/Foundation.framework; sourceTree = SDKROOT; };
		B903BF311434BE07004CD130 /* CoreGraphics.framework */ = {isa = PBXFileReference; lastKnownFileType = wrapper.framework; name = CoreGraphics.framework; path = System/Library/Frameworks/CoreGraphics.framework; sourceTree = SDKROOT; };
		B95736BB1455F9700032CBE0 /* en */ = {isa = PBXFileReference; lastKnownFileType = text.plist.strings; name = en; path = RegularExpressions/en.lproj/InfoPlist.strings; sourceTree = SOURCE_ROOT; };
		B95736BD1455F9700032CBE0 /* en */ = {isa = PBXFileReference; lastKnownFileType = file.xib; name = en; path = RegularExpressions/en.lproj/MainWindow.xib; sourceTree = SOURCE_ROOT; };
		B95736BE1455F9700032CBE0 /* main.m */ = {isa = PBXFileReference; fileEncoding = 4; lastKnownFileType = sourcecode.c.objc; name = main.m; path = RegularExpressions/main.m; sourceTree = SOURCE_ROOT; };
		B95736BF1455F9700032CBE0 /* RegularExpressions-Info.plist */ = {isa = PBXFileReference; fileEncoding = 4; lastKnownFileType = text.plist.xml; name = "RegularExpressions-Info.plist"; path = "RegularExpressions/RegularExpressions-Info.plist"; sourceTree = SOURCE_ROOT; };
		B95736C01455F9700032CBE0 /* RegularExpressions-Prefix.pch */ = {isa = PBXFileReference; fileEncoding = 4; lastKnownFileType = sourcecode.c.h; name = "RegularExpressions-Prefix.pch"; path = "RegularExpressions/RegularExpressions-Prefix.pch"; sourceTree = SOURCE_ROOT; };
		B95736C11455F9700032CBE0 /* RegularExpressionsAppDelegate.h */ = {isa = PBXFileReference; fileEncoding = 4; lastKnownFileType = sourcecode.c.h; name = RegularExpressionsAppDelegate.h; path = RegularExpressions/RegularExpressionsAppDelegate.h; sourceTree = SOURCE_ROOT; };
		B972D5941459EDA0004B9F79 /* RegularExpressionsAppDelegate.m */ = {isa = PBXFileReference; lastKnownFileType = sourcecode.c.objc; name = RegularExpressionsAppDelegate.m; path = RegularExpressions/RegularExpressionsAppDelegate.m; sourceTree = SOURCE_ROOT; };
		B99C3BE61434BEEC002DE9A7 /* PrivateCodeLibrary.xcodeproj */ = {isa = PBXFileReference; lastKnownFileType = "wrapper.pb-project"; name = PrivateCodeLibrary.xcodeproj; path = ../../lib/PrivateCodeLibrary/PrivateCodeLibrary.xcodeproj; sourceTree = "<group>"; };
		B9E2C7A21459FC3000CF8F24 /* en */ = {isa = PBXFileReference; lastKnownFileType = text.plist.strings; name = en; path = RegularExpressions/en.lproj/blubb.strings; sourceTree = SOURCE_ROOT; };
/* End PBXFileReference section */

/* Begin PBXFrameworksBuildPhase section */
		B903BF261434BE07004CD130 /* Frameworks */ = {
			isa = PBXFrameworksBuildPhase;
			buildActionMask = 2147483647;
			files = (
				B99C3BF31434BEF5002DE9A7 /* libPrivateCodeLibrary.a in Frameworks */,
				B903BF2E1434BE07004CD130 /* UIKit.framework in Frameworks */,
				B903BF301434BE07004CD130 /* Foundation.framework in Frameworks */,
				B903BF321434BE07004CD130 /* CoreGraphics.framework in Frameworks */,
			);
			runOnlyForDeploymentPostprocessing = 0;
		};
/* End PBXFrameworksBuildPhase section */

/* Begin PBXGroup section */
		B903BF1E1434BE07004CD130 = {
			isa = PBXGroup;
			children = (
				B99C3BE61434BEEC002DE9A7 /* PrivateCodeLibrary.xcodeproj */,
				B903BF331434BE07004CD130 /* RegularExpressions */,
				B903BF2C1434BE07004CD130 /* Frameworks */,
				B903BF2A1434BE07004CD130 /* Products */,
			);
			sourceTree = "<group>";
		};
		B903BF2A1434BE07004CD130 /* Products */ = {
			isa = PBXGroup;
			children = (
				B903BF291434BE07004CD130 /* RegularExpressions.app */,
			);
			name = Products;
			sourceTree = "<group>";
		};
		B903BF2C1434BE07004CD130 /* Frameworks */ = {
			isa = PBXGroup;
			children = (
				B903BF2D1434BE07004CD130 /* UIKit.framework */,
				B903BF2F1434BE07004CD130 /* Foundation.framework */,
				B903BF311434BE07004CD130 /* CoreGraphics.framework */,
			);
			name = Frameworks;
			sourceTree = "<group>";
		};
		B903BF331434BE07004CD130 /* RegularExpressions */ = {
			isa = PBXGroup;
			children = (
				B95736C11455F9700032CBE0 /* RegularExpressionsAppDelegate.h */,
				B972D5941459EDA0004B9F79 /* RegularExpressionsAppDelegate.m */,
				B95736BC1455F9700032CBE0 /* MainWindow.xib */,
				B903BF341434BE07004CD130 /* Supporting Files */,
			);
			name = RegularExpressions;
			path = RESTOperations;
			sourceTree = "<group>";
		};
		B903BF341434BE07004CD130 /* Supporting Files */ = {
			isa = PBXGroup;
			children = (
				B95736BA1455F9700032CBE0 /* InfoPlist.strings */,
				B95736BE1455F9700032CBE0 /* main.m */,
				B95736BF1455F9700032CBE0 /* RegularExpressions-Info.plist */,
				B95736C01455F9700032CBE0 /* RegularExpressions-Prefix.pch */,
				B9E2C7A11459FC3000CF8F24 /* blubb.strings */,
			);
			name = "Supporting Files";
			sourceTree = "<group>";
		};
		B99C3BE71434BEEC002DE9A7 /* Products */ = {
			isa = PBXGroup;
			children = (
				B99C3BEF1434BEED002DE9A7 /* libPrivateCodeLibrary.a */,
				B99C3BF11434BEED002DE9A7 /* PrivateCodeLibraryTests.octest */,
			);
			name = Products;
			sourceTree = "<group>";
		};
/* End PBXGroup section */

/* Begin PBXNativeTarget section */
		B903BF281434BE07004CD130 /* RegularExpressions */ = {
			isa = PBXNativeTarget;
			buildConfigurationList = B903BF441434BE07004CD130 /* Build configuration list for PBXNativeTarget "RegularExpressions" */;
			buildPhases = (
				B903BF251434BE07004CD130 /* Sources */,
				B903BF261434BE07004CD130 /* Frameworks */,
				B903BF271434BE07004CD130 /* Resources */,
			);
			buildRules = (
			);
			dependencies = (
			);
			name = RegularExpressions;
			productName = RESTOperations;
			productReference = B903BF291434BE07004CD130 /* RegularExpressions.app */;
			productType = "com.apple.product-type.application";
		};
/* End PBXNativeTarget section */

/* Begin PBXProject section */
		B903BF201434BE07004CD130 /* Project object */ = {
			isa = PBXProject;
			attributes = {
				LastUpgradeCheck = 0420;
				ORGANIZATIONNAME = "Blackjacx & Co";
			};
			buildConfigurationList = B903BF231434BE07004CD130 /* Build configuration list for PBXProject "RegularExpressions" */;
			compatibilityVersion = "Xcode 3.2";
			developmentRegion = English;
			hasScannedForEncodings = 0;
			knownRegions = (
				en,
			);
			mainGroup = B903BF1E1434BE07004CD130;
			productRefGroup = B903BF2A1434BE07004CD130 /* Products */;
			projectDirPath = "";
			projectReferences = (
				{
					ProductGroup = B99C3BE71434BEEC002DE9A7 /* Products */;
					ProjectRef = B99C3BE61434BEEC002DE9A7 /* PrivateCodeLibrary.xcodeproj */;
				},
			);
			projectRoot = "";
			targets = (
				B903BF281434BE07004CD130 /* RegularExpressions */,
			);
		};
/* End PBXProject section */

/* Begin PBXReferenceProxy section */
		B99C3BEF1434BEED002DE9A7 /* libPrivateCodeLibrary.a */ = {
			isa = PBXReferenceProxy;
			fileType = archive.ar;
			path = libPrivateCodeLibrary.a;
			remoteRef = B99C3BEE1434BEED002DE9A7 /* PBXContainerItemProxy */;
			sourceTree = BUILT_PRODUCTS_DIR;
		};
		B99C3BF11434BEED002DE9A7 /* PrivateCodeLibraryTests.octest */ = {
			isa = PBXReferenceProxy;
			fileType = wrapper.cfbundle;
			path = PrivateCodeLibraryTests.octest;
			remoteRef = B99C3BF01434BEED002DE9A7 /* PBXContainerItemProxy */;
			sourceTree = BUILT_PRODUCTS_DIR;
		};
/* End PBXReferenceProxy section */

/* Begin PBXResourcesBuildPhase section */
		B903BF271434BE07004CD130 /* Resources */ = {
			isa = PBXResourcesBuildPhase;
			buildActionMask = 2147483647;
			files = (
				B95736C31455F9700032CBE0 /* InfoPlist.strings in Resources */,
				B95736C41455F9700032CBE0 /* MainWindow.xib in Resources */,
				B9E2C7A31459FC3000CF8F24 /* blubb.strings in Resources */,
			);
			runOnlyForDeploymentPostprocessing = 0;
		};
/* End PBXResourcesBuildPhase section */

/* Begin PBXSourcesBuildPhase section */
		B903BF251434BE07004CD130 /* Sources */ = {
			isa = PBXSourcesBuildPhase;
			buildActionMask = 2147483647;
			files = (
				B95736C51455F9700032CBE0 /* main.m in Sources */,
				B972D5931459EDA0004B9F79 /* RegularExpressionsAppDelegate.m in Sources */,
			);
			runOnlyForDeploymentPostprocessing = 0;
		};
/* End PBXSourcesBuildPhase section */

/* Begin PBXVariantGroup section */
		B95736BA1455F9700032CBE0 /* InfoPlist.strings */ = {
			isa = PBXVariantGroup;
			children = (
				B95736BB1455F9700032CBE0 /* en */,
			);
			name = InfoPlist.strings;
			sourceTree = "<group>";
		};
		B95736BC1455F9700032CBE0 /* MainWindow.xib */ = {
			isa = PBXVariantGroup;
			children = (
				B95736BD1455F9700032CBE0 /* en */,
			);
			name = MainWindow.xib;
			sourceTree = "<group>";
		};
		B9E2C7A11459FC3000CF8F24 /* blubb.strings */ = {
			isa = PBXVariantGroup;
			children = (
				B9E2C7A21459FC3000CF8F24 /* en */,
			);
			name = blubb.strings;
			sourceTree = "<group>";
		};
/* End PBXVariantGroup section */

/* Begin XCBuildConfiguration section */
		B903BF421434BE07004CD130 /* Debug */ = {
			isa = XCBuildConfiguration;
			buildSettings = {
				ALWAYS_SEARCH_USER_PATHS = NO;
				ARCHS = "$(ARCHS_STANDARD_32_BIT)";
				"CODE_SIGN_IDENTITY[sdk=iphoneos*]" = "iPhone Developer";
				COPY_PHASE_STRIP = NO;
				GCC_C_LANGUAGE_STANDARD = gnu99;
				GCC_DYNAMIC_NO_PIC = NO;
				GCC_OPTIMIZATION_LEVEL = 0;
				GCC_PREPROCESSOR_DEFINITIONS = (
					"DEBUG=1",
					"$(inherited)",
				);
				GCC_SYMBOLS_PRIVATE_EXTERN = NO;
				GCC_VERSION = com.apple.compilers.llvm.clang.1_0;
				GCC_WARN_ABOUT_MISSING_PROTOTYPES = YES;
				GCC_WARN_ABOUT_RETURN_TYPE = YES;
				GCC_WARN_UNUSED_VARIABLE = YES;
				IPHONEOS_DEPLOYMENT_TARGET = 4.3;
				OTHER_LDFLAGS = (
					"-all_load",
					"-ObjC",
				);
				RUN_CLANG_STATIC_ANALYZER = YES;
				SDKROOT = iphoneos;
				USER_HEADER_SEARCH_PATHS = "../../lib/PrivateCodeLibrary/**";
			};
			name = Debug;
		};
		B903BF431434BE07004CD130 /* Release */ = {
			isa = XCBuildConfiguration;
			buildSettings = {
				ALWAYS_SEARCH_USER_PATHS = NO;
				ARCHS = "$(ARCHS_STANDARD_32_BIT)";
				"CODE_SIGN_IDENTITY[sdk=iphoneos*]" = "iPhone Developer";
				COPY_PHASE_STRIP = YES;
				GCC_C_LANGUAGE_STANDARD = gnu99;
				GCC_VERSION = com.apple.compilers.llvm.clang.1_0;
				GCC_WARN_ABOUT_MISSING_PROTOTYPES = YES;
				GCC_WARN_ABOUT_RETURN_TYPE = YES;
				GCC_WARN_UNUSED_VARIABLE = YES;
				IPHONEOS_DEPLOYMENT_TARGET = 4.3;
				OTHER_CFLAGS = "-DNS_BLOCK_ASSERTIONS=1";
				OTHER_LDFLAGS = (
					"-all_load",
					"-ObjC",
				);
				RUN_CLANG_STATIC_ANALYZER = YES;
				SDKROOT = iphoneos;
				USER_HEADER_SEARCH_PATHS = "../../lib/PrivateCodeLibrary/**";
				VALIDATE_PRODUCT = YES;
			};
			name = Release;
		};
		B903BF451434BE07004CD130 /* Debug */ = {
			isa = XCBuildConfiguration;
			buildSettings = {
				GCC_PRECOMPILE_PREFIX_HEADER = YES;
				GCC_PREFIX_HEADER = "RegularExpressions/RegularExpressions-Prefix.pch";
				GCC_VERSION = com.apple.compilers.llvm.clang.1_0;
				INFOPLIST_FILE = "RegularExpressions/RegularExpressions-Info.plist";
				PRODUCT_NAME = RegularExpressions;
				WRAPPER_EXTENSION = app;
			};
			name = Debug;
		};
		B903BF461434BE07004CD130 /* Release */ = {
			isa = XCBuildConfiguration;
			buildSettings = {
				GCC_PRECOMPILE_PREFIX_HEADER = YES;
				GCC_PREFIX_HEADER = "RegularExpressions/RegularExpressions-Prefix.pch";
				GCC_VERSION = com.apple.compilers.llvm.clang.1_0;
				INFOPLIST_FILE = "RegularExpressions/RegularExpressions-Info.plist";
				PRODUCT_NAME = RegularExpressions;
				WRAPPER_EXTENSION = app;
			};
			name = Release;
		};
/* End XCBuildConfiguration section */

/* Begin XCConfigurationList section */
		B903BF231434BE07004CD130 /* Build configuration list for PBXProject "RegularExpressions" */ = {
			isa = XCConfigurationList;
			buildConfigurations = (
				B903BF421434BE07004CD130 /* Debug */,
				B903BF431434BE07004CD130 /* Release */,
			);
			defaultConfigurationIsVisible = 0;
			defaultConfigurationName = Release;
		};
		B903BF441434BE07004CD130 /* Build configuration list for PBXNativeTarget "RegularExpressions" */ = {
			isa = XCConfigurationList;
			buildConfigurations = (
				B903BF451434BE07004CD130 /* Debug */,
				B903BF461434BE07004CD130 /* Release */,
			);
			defaultConfigurationIsVisible = 0;
			defaultConfigurationName = Release;
		};
/* End XCConfigurationList section */
	};
	rootObject = B903BF201434BE07004CD130 /* Project object */;
}
