// !$*UTF8*$!
{
	archiveVersion = 1;
	classes = {
	};
	objectVersion = 50;
	objects = {

/* Begin PBXBuildFile section */
		B919BDA522B01B8E00D975D3 /* AppDelegate.swift in Sources */ = {isa = PBXBuildFile; fileRef = B919BDA422B01B8E00D975D3 /* AppDelegate.swift */; };
		B919BDA722B01B8E00D975D3 /* ViewController.swift in Sources */ = {isa = PBXBuildFile; fileRef = B919BDA622B01B8E00D975D3 /* ViewController.swift */; };
		B919BDAA22B01B8E00D975D3 /* Main.storyboard in Resources */ = {isa = PBXBuildFile; fileRef = B919BDA822B01B8E00D975D3 /* Main.storyboard */; };
		B919BDAC22B01B9000D975D3 /* Assets.xcassets in Resources */ = {isa = PBXBuildFile; fileRef = B919BDAB22B01B9000D975D3 /* Assets.xcassets */; };
		B919BDAF22B01B9000D975D3 /* LaunchScreen.storyboard in Resources */ = {isa = PBXBuildFile; fileRef = B919BDAD22B01B9000D975D3 /* LaunchScreen.storyboard */; };
/* End PBXBuildFile section */

/* Begin PBXFileReference section */
		B919BDA122B01B8E00D975D3 /* NFCExample.app */ = {isa = PBXFileReference; explicitFileType = wrapper.application; includeInIndex = 0; path = NFCExample.app; sourceTree = BUILT_PRODUCTS_DIR; };
		B919BDA422B01B8E00D975D3 /* AppDelegate.swift */ = {isa = PBXFileReference; lastKnownFileType = sourcecode.swift; path = AppDelegate.swift; sourceTree = "<group>"; };
		B919BDA622B01B8E00D975D3 /* ViewController.swift */ = {isa = PBXFileReference; lastKnownFileType = sourcecode.swift; path = ViewController.swift; sourceTree = "<group>"; };
		B919BDA922B01B8E00D975D3 /* Base */ = {isa = PBXFileReference; lastKnownFileType = file.storyboard; name = Base; path = Base.lproj/Main.storyboard; sourceTree = "<group>"; };
		B919BDAB22B01B9000D975D3 /* Assets.xcassets */ = {isa = PBXFileReference; lastKnownFileType = folder.assetcatalog; path = Assets.xcassets; sourceTree = "<group>"; };
		B919BDAE22B01B9000D975D3 /* Base */ = {isa = PBXFileReference; lastKnownFileType = file.storyboard; name = Base; path = Base.lproj/LaunchScreen.storyboard; sourceTree = "<group>"; };
		B919BDB022B01B9000D975D3 /* Info.plist */ = {isa = PBXFileReference; lastKnownFileType = text.plist.xml; path = Info.plist; sourceTree = "<group>"; };
		B929263122B01E8200F18B13 /* NFCExample.entitlements */ = {isa = PBXFileReference; lastKnownFileType = text.plist.entitlements; path = NFCExample.entitlements; sourceTree = "<group>"; };
		B929263322B01F5400F18B13 /* CoreNFC.framework */ = {isa = PBXFileReference; lastKnownFileType = wrapper.framework; name = CoreNFC.framework; path = System/Library/Frameworks/CoreNFC.framework; sourceTree = SDKROOT; };
/* End PBXFileReference section */

/* Begin PBXFrameworksBuildPhase section */
		B919BD9E22B01B8E00D975D3 /* Frameworks */ = {
			isa = PBXFrameworksBuildPhase;
			buildActionMask = 2147483647;
			files = (
			);
			runOnlyForDeploymentPostprocessing = 0;
		};
/* End PBXFrameworksBuildPhase section */

/* Begin PBXGroup section */
		B919BD9822B01B8E00D975D3 = {
			isa = PBXGroup;
			children = (
				B919BDA322B01B8E00D975D3 /* NFCExample */,
				B919BDA222B01B8E00D975D3 /* Products */,
				B929263222B01F5300F18B13 /* Frameworks */,
			);
			sourceTree = "<group>";
		};
		B919BDA222B01B8E00D975D3 /* Products */ = {
			isa = PBXGroup;
			children = (
				B919BDA122B01B8E00D975D3 /* NFCExample.app */,
			);
			name = Products;
			sourceTree = "<group>";
		};
		B919BDA322B01B8E00D975D3 /* NFCExample */ = {
			isa = PBXGroup;
			children = (
				B929263122B01E8200F18B13 /* NFCExample.entitlements */,
				B919BDA422B01B8E00D975D3 /* AppDelegate.swift */,
				B919BDA622B01B8E00D975D3 /* ViewController.swift */,
				B919BDA822B01B8E00D975D3 /* Main.storyboard */,
				B919BDAB22B01B9000D975D3 /* Assets.xcassets */,
				B919BDAD22B01B9000D975D3 /* LaunchScreen.storyboard */,
				B919BDB022B01B9000D975D3 /* Info.plist */,
			);
			path = NFCExample;
			sourceTree = "<group>";
		};
		B929263222B01F5300F18B13 /* Frameworks */ = {
			isa = PBXGroup;
			children = (
				B929263322B01F5400F18B13 /* CoreNFC.framework */,
			);
			name = Frameworks;
			sourceTree = "<group>";
		};
/* End PBXGroup section */

/* Begin PBXNativeTarget section */
		B919BDA022B01B8E00D975D3 /* NFCExample */ = {
			isa = PBXNativeTarget;
			buildConfigurationList = B919BDB322B01B9000D975D3 /* Build configuration list for PBXNativeTarget "NFCExample" */;
			buildPhases = (
				B919BD9D22B01B8E00D975D3 /* Sources */,
				B919BD9E22B01B8E00D975D3 /* Frameworks */,
				B919BD9F22B01B8E00D975D3 /* Resources */,
			);
			buildRules = (
			);
			dependencies = (
			);
			name = NFCExample;
			productName = NFCExample;
			productReference = B919BDA122B01B8E00D975D3 /* NFCExample.app */;
			productType = "com.apple.product-type.application";
		};
/* End PBXNativeTarget section */

/* Begin PBXProject section */
		B919BD9922B01B8E00D975D3 /* Project object */ = {
			isa = PBXProject;
			attributes = {
				LastSwiftUpdateCheck = 1020;
				LastUpgradeCheck = 1020;
				ORGANIZATIONNAME = codingcobra;
				TargetAttributes = {
					B919BDA022B01B8E00D975D3 = {
						CreatedOnToolsVersion = 10.2.1;
					};
				};
			};
			buildConfigurationList = B919BD9C22B01B8E00D975D3 /* Build configuration list for PBXProject "NFCExample" */;
			compatibilityVersion = "Xcode 9.3";
			developmentRegion = en;
			hasScannedForEncodings = 0;
			knownRegions = (
				en,
				Base,
			);
			mainGroup = B919BD9822B01B8E00D975D3;
			productRefGroup = B919BDA222B01B8E00D975D3 /* Products */;
			projectDirPath = "";
			projectRoot = "";
			targets = (
				B919BDA022B01B8E00D975D3 /* NFCExample */,
			);
		};
/* End PBXProject section */

/* Begin PBXResourcesBuildPhase section */
		B919BD9F22B01B8E00D975D3 /* Resources */ = {
			isa = PBXResourcesBuildPhase;
			buildActionMask = 2147483647;
			files = (
				B919BDAF22B01B9000D975D3 /* LaunchScreen.storyboard in Resources */,
				B919BDAC22B01B9000D975D3 /* Assets.xcassets in Resources */,
				B919BDAA22B01B8E00D975D3 /* Main.storyboard in Resources */,
			);
			runOnlyForDeploymentPostprocessing = 0;
		};
/* End PBXResourcesBuildPhase section */

/* Begin PBXSourcesBuildPhase section */
		B919BD9D22B01B8E00D975D3 /* Sources */ = {
			isa = PBXSourcesBuildPhase;
			buildActionMask = 2147483647;
			files = (
				B919BDA722B01B8E00D975D3 /* ViewController.swift in Sources */,
				B919BDA522B01B8E00D975D3 /* AppDelegate.swift in Sources */,
			);
			runOnlyForDeploymentPostprocessing = 0;
		};
/* End PBXSourcesBuildPhase section */

/* Begin PBXVariantGroup section */
		B919BDA822B01B8E00D975D3 /* Main.storyboard */ = {
			isa = PBXVariantGroup;
			children = (
				B919BDA922B01B8E00D975D3 /* Base */,
			);
			name = Main.storyboard;
			sourceTree = "<group>";
		};
		B919BDAD22B01B9000D975D3 /* LaunchScreen.storyboard */ = {
			isa = PBXVariantGroup;
			children = (
				B919BDAE22B01B9000D975D3 /* Base */,
			);
			name = LaunchScreen.storyboard;
			sourceTree = "<group>";
		};
/* End PBXVariantGroup section */

/* Begin XCBuildConfiguration section */
		B919BDB122B01B9000D975D3 /* Debug */ = {
			isa = XCBuildConfiguration;
			buildSettings = {
				ALWAYS_SEARCH_USER_PATHS = NO;
				CLANG_ANALYZER_NONNULL = YES;
				CLANG_ANALYZER_NUMBER_OBJECT_CONVERSION = YES_AGGRESSIVE;
				CLANG_CXX_LANGUAGE_STANDARD = "gnu++14";
				CLANG_CXX_LIBRARY = "libc++";
				CLANG_ENABLE_MODULES = YES;
				CLANG_ENABLE_OBJC_ARC = YES;
				CLANG_ENABLE_OBJC_WEAK = YES;
				CLANG_WARN_BLOCK_CAPTURE_AUTORELEASING = YES;
				CLANG_WARN_BOOL_CONVERSION = YES;
				CLANG_WARN_COMMA = YES;
				CLANG_WARN_CONSTANT_CONVERSION = YES;
				CLANG_WARN_DEPRECATED_OBJC_IMPLEMENTATIONS = YES;
				CLANG_WARN_DIRECT_OBJC_ISA_USAGE = YES_ERROR;
				CLANG_WARN_DOCUMENTATION_COMMENTS = YES;
				CLANG_WARN_EMPTY_BODY = YES;
				CLANG_WARN_ENUM_CONVERSION = YES;
				CLANG_WARN_INFINITE_RECURSION = YES;
				CLANG_WARN_INT_CONVERSION = YES;
				CLANG_WARN_NON_LITERAL_NULL_CONVERSION = YES;
				CLANG_WARN_OBJC_IMPLICIT_RETAIN_SELF = YES;
				CLANG_WARN_OBJC_LITERAL_CONVERSION = YES;
				CLANG_WARN_OBJC_ROOT_CLASS = YES_ERROR;
				CLANG_WARN_RANGE_LOOP_ANALYSIS = YES;
				CLANG_WARN_STRICT_PROTOTYPES = YES;
				CLANG_WARN_SUSPICIOUS_MOVE = YES;
				CLANG_WARN_UNGUARDED_AVAILABILITY = YES_AGGRESSIVE;
				CLANG_WARN_UNREACHABLE_CODE = YES;
				CLANG_WARN__DUPLICATE_METHOD_MATCH = YES;
				CODE_SIGN_IDENTITY = "iPhone Developer";
				COPY_PHASE_STRIP = NO;
				DEBUG_INFORMATION_FORMAT = dwarf;
				ENABLE_STRICT_OBJC_MSGSEND = YES;
				ENABLE_TESTABILITY = YES;
				GCC_C_LANGUAGE_STANDARD = gnu11;
				GCC_DYNAMIC_NO_PIC = NO;
				GCC_NO_COMMON_BLOCKS = YES;
				GCC_OPTIMIZATION_LEVEL = 0;
				GCC_PREPROCESSOR_DEFINITIONS = (
					"DEBUG=1",
					"$(inherited)",
				);
				GCC_WARN_64_TO_32_BIT_CONVERSION = YES;
				GCC_WARN_ABOUT_RETURN_TYPE = YES_ERROR;
				GCC_WARN_UNDECLARED_SELECTOR = YES;
				GCC_WARN_UNINITIALIZED_AUTOS = YES_AGGRESSIVE;
				GCC_WARN_UNUSED_FUNCTION = YES;
				GCC_WARN_UNUSED_VARIABLE = YES;
				MTL_ENABLE_DEBUG_INFO = INCLUDE_SOURCE;
				MTL_FAST_MATH = YES;
				ONLY_ACTIVE_ARCH = YES;
				SDKROOT = iphoneos;
				SWIFT_ACTIVE_COMPILATION_CONDITIONS = DEBUG;
				SWIFT_OPTIMIZATION_LEVEL = "-Onone";
			};
			name = Debug;
		};
		B919BDB222B01B9000D975D3 /* Release */ = {
			isa = XCBuildConfiguration;
			buildSettings = {
				ALWAYS_SEARCH_USER_PATHS = NO;
				CLANG_ANALYZER_NONNULL = YES;
				CLANG_ANALYZER_NUMBER_OBJECT_CONVERSION = YES_AGGRESSIVE;
				CLANG_CXX_LANGUAGE_STANDARD = "gnu++14";
				CLANG_CXX_LIBRARY = "libc++";
				CLANG_ENABLE_MODULES = YES;
				CLANG_ENABLE_OBJC_ARC = YES;
				CLANG_ENABLE_OBJC_WEAK = YES;
				CLANG_WARN_BLOCK_CAPTURE_AUTORELEASING = YES;
				CLANG_WARN_BOOL_CONVERSION = YES;
				CLANG_WARN_COMMA = YES;
				CLANG_WARN_CONSTANT_CONVERSION = YES;
				CLANG_WARN_DEPRECATED_OBJC_IMPLEMENTATIONS = YES;
				CLANG_WARN_DIRECT_OBJC_ISA_USAGE = YES_ERROR;
				CLANG_WARN_DOCUMENTATION_COMMENTS = YES;
				CLANG_WARN_EMPTY_BODY = YES;
				CLANG_WARN_ENUM_CONVERSION = YES;
				CLANG_WARN_INFINITE_RECURSION = YES;
				CLANG_WARN_INT_CONVERSION = YES;
				CLANG_WARN_NON_LITERAL_NULL_CONVERSION = YES;
				CLANG_WARN_OBJC_IMPLICIT_RETAIN_SELF = YES;
				CLANG_WARN_OBJC_LITERAL_CONVERSION = YES;
				CLANG_WARN_OBJC_ROOT_CLASS = YES_ERROR;
				CLANG_WARN_RANGE_LOOP_ANALYSIS = YES;
				CLANG_WARN_STRICT_PROTOTYPES = YES;
				CLANG_WARN_SUSPICIOUS_MOVE = YES;
				CLANG_WARN_UNGUARDED_AVAILABILITY = YES_AGGRESSIVE;
				CLANG_WARN_UNREACHABLE_CODE = YES;
				CLANG_WARN__DUPLICATE_METHOD_MATCH = YES;
				CODE_SIGN_IDENTITY = "iPhone Developer";
				COPY_PHASE_STRIP = NO;
				DEBUG_INFORMATION_FORMAT = "dwarf-with-dsym";
				ENABLE_NS_ASSERTIONS = NO;
				ENABLE_STRICT_OBJC_MSGSEND = YES;
				GCC_C_LANGUAGE_STANDARD = gnu11;
				GCC_NO_COMMON_BLOCKS = YES;
				GCC_WARN_64_TO_32_BIT_CONVERSION = YES;
				GCC_WARN_ABOUT_RETURN_TYPE = YES_ERROR;
				GCC_WARN_UNDECLARED_SELECTOR = YES;
				GCC_WARN_UNINITIALIZED_AUTOS = YES_AGGRESSIVE;
				GCC_WARN_UNUSED_FUNCTION = YES;
				GCC_WARN_UNUSED_VARIABLE = YES;
				MTL_ENABLE_DEBUG_INFO = NO;
				MTL_FAST_MATH = YES;
				SDKROOT = iphoneos;
				SWIFT_COMPILATION_MODE = wholemodule;
				SWIFT_OPTIMIZATION_LEVEL = "-O";
				VALIDATE_PRODUCT = YES;
			};
			name = Release;
		};
		B919BDB422B01B9000D975D3 /* Debug */ = {
			isa = XCBuildConfiguration;
			buildSettings = {
				ASSETCATALOG_COMPILER_APPICON_NAME = AppIcon;
				CODE_SIGN_ENTITLEMENTS = NFCExample/NFCExample.entitlements;
				CODE_SIGN_IDENTITY = "iPhone Developer";
				CODE_SIGN_STYLE = Manual;
				DEVELOPMENT_TEAM = PCW579R278;
				INFOPLIST_FILE = NFCExample/Info.plist;
				LD_RUNPATH_SEARCH_PATHS = (
					"$(inherited)",
					"@executable_path/Frameworks",
				);
				PRODUCT_BUNDLE_IDENTIFIER = com.codingcobra.nfctest;
				PRODUCT_NAME = "$(TARGET_NAME)";
				PROVISIONING_PROFILE_SPECIFIER = NFC;
				SWIFT_VERSION = 5.0;
				TARGETED_DEVICE_FAMILY = "1,2";
			};
			name = Debug;
		};
		B919BDB522B01B9000D975D3 /* Release */ = {
			isa = XCBuildConfiguration;
			buildSettings = {
				ASSETCATALOG_COMPILER_APPICON_NAME = AppIcon;
				CODE_SIGN_ENTITLEMENTS = NFCExample/NFCExample.entitlements;
				CODE_SIGN_IDENTITY = "iPhone Developer";
				CODE_SIGN_STYLE = Manual;
				DEVELOPMENT_TEAM = PCW579R278;
				INFOPLIST_FILE = NFCExample/Info.plist;
				LD_RUNPATH_SEARCH_PATHS = (
					"$(inherited)",
					"@executable_path/Frameworks",
				);
				PRODUCT_BUNDLE_IDENTIFIER = com.codingcobra.nfctest;
				PRODUCT_NAME = "$(TARGET_NAME)";
				PROVISIONING_PROFILE_SPECIFIER = NFC;
				SWIFT_VERSION = 5.0;
				TARGETED_DEVICE_FAMILY = "1,2";
			};
			name = Release;
		};
/* End XCBuildConfiguration section */

/* Begin XCConfigurationList section */
		B919BD9C22B01B8E00D975D3 /* Build configuration list for PBXProject "NFCExample" */ = {
			isa = XCConfigurationList;
			buildConfigurations = (
				B919BDB122B01B9000D975D3 /* Debug */,
				B919BDB222B01B9000D975D3 /* Release */,
			);
			defaultConfigurationIsVisible = 0;
			defaultConfigurationName = Release;
		};
		B919BDB322B01B9000D975D3 /* Build configuration list for PBXNativeTarget "NFCExample" */ = {
			isa = XCConfigurationList;
			buildConfigurations = (
				B919BDB422B01B9000D975D3 /* Debug */,
				B919BDB522B01B9000D975D3 /* Release */,
			);
			defaultConfigurationIsVisible = 0;
			defaultConfigurationName = Release;
		};
/* End XCConfigurationList section */
	};
	rootObject = B919BD9922B01B8E00D975D3 /* Project object */;
}
