// !$*UTF8*$!
{
	archiveVersion = 1;
	classes = {
	};
	objectVersion = 46;
	objects = {

/* Begin PBXBuildFile section */
		B941512117BCF06A00A04674 /* Foundation.framework in Frameworks */ = {isa = PBXBuildFile; fileRef = B941512017BCF06A00A04674 /* Foundation.framework */; };
		B941512317BCF06A00A04674 /* CoreGraphics.framework in Frameworks */ = {isa = PBXBuildFile; fileRef = B941512217BCF06A00A04674 /* CoreGraphics.framework */; };
		B941512517BCF06A00A04674 /* UIKit.framework in Frameworks */ = {isa = PBXBuildFile; fileRef = B941512417BCF06A00A04674 /* UIKit.framework */; };
		B941512B17BCF06A00A04674 /* InfoPlist.strings in Resources */ = {isa = PBXBuildFile; fileRef = B941512917BCF06A00A04674 /* InfoPlist.strings */; };
		B941512D17BCF06A00A04674 /* main.m in Sources */ = {isa = PBXBuildFile; fileRef = B941512C17BCF06A00A04674 /* main.m */; };
		B941513117BCF06A00A04674 /* SAAppDelegate.m in Sources */ = {isa = PBXBuildFile; fileRef = B941513017BCF06A00A04674 /* SAAppDelegate.m */; };
		B941513417BCF06A00A04674 /* Main.storyboard in Resources */ = {isa = PBXBuildFile; fileRef = B941513217BCF06A00A04674 /* Main.storyboard */; };
		B941513717BCF06A00A04674 /* SAViewController.m in Sources */ = {isa = PBXBuildFile; fileRef = B941513617BCF06A00A04674 /* SAViewController.m */; };
		B941513917BCF06A00A04674 /* Images.xcassets in Resources */ = {isa = PBXBuildFile; fileRef = B941513817BCF06A00A04674 /* Images.xcassets */; };
		B941514017BCF06A00A04674 /* XCTest.framework in Frameworks */ = {isa = PBXBuildFile; fileRef = B941513F17BCF06A00A04674 /* XCTest.framework */; };
		B941514117BCF06A00A04674 /* Foundation.framework in Frameworks */ = {isa = PBXBuildFile; fileRef = B941512017BCF06A00A04674 /* Foundation.framework */; };
		B941514217BCF06A00A04674 /* UIKit.framework in Frameworks */ = {isa = PBXBuildFile; fileRef = B941512417BCF06A00A04674 /* UIKit.framework */; };
		B941514A17BCF06A00A04674 /* InfoPlist.strings in Resources */ = {isa = PBXBuildFile; fileRef = B941514817BCF06A00A04674 /* InfoPlist.strings */; };
		B941514C17BCF06A00A04674 /* iOS7DynamicTypeTests.m in Sources */ = {isa = PBXBuildFile; fileRef = B941514B17BCF06A00A04674 /* iOS7DynamicTypeTests.m */; };
		B941515617BCF08300A04674 /* QuartzCore.framework in Frameworks */ = {isa = PBXBuildFile; fileRef = B941515517BCF08300A04674 /* QuartzCore.framework */; };
		B941515917BCF0CA00A04674 /* PCLDynamicTypeLabel.m in Sources */ = {isa = PBXBuildFile; fileRef = B941515817BCF0CA00A04674 /* PCLDynamicTypeLabel.m */; };
		B941515C17BCF0E300A04674 /* PCLFonts.m in Sources */ = {isa = PBXBuildFile; fileRef = B941515B17BCF0E300A04674 /* PCLFonts.m */; };
/* End PBXBuildFile section */

/* Begin PBXContainerItemProxy section */
		B941514317BCF06A00A04674 /* PBXContainerItemProxy */ = {
			isa = PBXContainerItemProxy;
			containerPortal = B941511517BCF06A00A04674 /* Project object */;
			proxyType = 1;
			remoteGlobalIDString = B941511C17BCF06A00A04674;
			remoteInfo = iOS7DynamicType;
		};
/* End PBXContainerItemProxy section */

/* Begin PBXFileReference section */
		B941511D17BCF06A00A04674 /* iOS7DynamicType.app */ = {isa = PBXFileReference; explicitFileType = wrapper.application; includeInIndex = 0; path = iOS7DynamicType.app; sourceTree = BUILT_PRODUCTS_DIR; };
		B941512017BCF06A00A04674 /* Foundation.framework */ = {isa = PBXFileReference; lastKnownFileType = wrapper.framework; name = Foundation.framework; path = System/Library/Frameworks/Foundation.framework; sourceTree = SDKROOT; };
		B941512217BCF06A00A04674 /* CoreGraphics.framework */ = {isa = PBXFileReference; lastKnownFileType = wrapper.framework; name = CoreGraphics.framework; path = System/Library/Frameworks/CoreGraphics.framework; sourceTree = SDKROOT; };
		B941512417BCF06A00A04674 /* UIKit.framework */ = {isa = PBXFileReference; lastKnownFileType = wrapper.framework; name = UIKit.framework; path = System/Library/Frameworks/UIKit.framework; sourceTree = SDKROOT; };
		B941512817BCF06A00A04674 /* iOS7DynamicType-Info.plist */ = {isa = PBXFileReference; lastKnownFileType = text.plist.xml; path = "iOS7DynamicType-Info.plist"; sourceTree = "<group>"; };
		B941512A17BCF06A00A04674 /* en */ = {isa = PBXFileReference; lastKnownFileType = text.plist.strings; name = en; path = en.lproj/InfoPlist.strings; sourceTree = "<group>"; };
		B941512C17BCF06A00A04674 /* main.m */ = {isa = PBXFileReference; lastKnownFileType = sourcecode.c.objc; path = main.m; sourceTree = "<group>"; };
		B941512E17BCF06A00A04674 /* iOS7DynamicType-Prefix.pch */ = {isa = PBXFileReference; lastKnownFileType = sourcecode.c.h; path = "iOS7DynamicType-Prefix.pch"; sourceTree = "<group>"; };
		B941512F17BCF06A00A04674 /* SAAppDelegate.h */ = {isa = PBXFileReference; lastKnownFileType = sourcecode.c.h; path = SAAppDelegate.h; sourceTree = "<group>"; };
		B941513017BCF06A00A04674 /* SAAppDelegate.m */ = {isa = PBXFileReference; lastKnownFileType = sourcecode.c.objc; path = SAAppDelegate.m; sourceTree = "<group>"; };
		B941513317BCF06A00A04674 /* Base */ = {isa = PBXFileReference; lastKnownFileType = file.storyboard; name = Base; path = Base.lproj/Main.storyboard; sourceTree = "<group>"; };
		B941513517BCF06A00A04674 /* SAViewController.h */ = {isa = PBXFileReference; lastKnownFileType = sourcecode.c.h; path = SAViewController.h; sourceTree = "<group>"; };
		B941513617BCF06A00A04674 /* SAViewController.m */ = {isa = PBXFileReference; lastKnownFileType = sourcecode.c.objc; path = SAViewController.m; sourceTree = "<group>"; };
		B941513817BCF06A00A04674 /* Images.xcassets */ = {isa = PBXFileReference; lastKnownFileType = folder.assetcatalog; path = Images.xcassets; sourceTree = "<group>"; };
		B941513E17BCF06A00A04674 /* iOS7DynamicTypeTests.xctest */ = {isa = PBXFileReference; explicitFileType = wrapper.cfbundle; includeInIndex = 0; path = iOS7DynamicTypeTests.xctest; sourceTree = BUILT_PRODUCTS_DIR; };
		B941513F17BCF06A00A04674 /* XCTest.framework */ = {isa = PBXFileReference; lastKnownFileType = wrapper.framework; name = XCTest.framework; path = Library/Frameworks/XCTest.framework; sourceTree = DEVELOPER_DIR; };
		B941514717BCF06A00A04674 /* iOS7DynamicTypeTests-Info.plist */ = {isa = PBXFileReference; lastKnownFileType = text.plist.xml; path = "iOS7DynamicTypeTests-Info.plist"; sourceTree = "<group>"; };
		B941514917BCF06A00A04674 /* en */ = {isa = PBXFileReference; lastKnownFileType = text.plist.strings; name = en; path = en.lproj/InfoPlist.strings; sourceTree = "<group>"; };
		B941514B17BCF06A00A04674 /* iOS7DynamicTypeTests.m */ = {isa = PBXFileReference; lastKnownFileType = sourcecode.c.objc; path = iOS7DynamicTypeTests.m; sourceTree = "<group>"; };
		B941515517BCF08300A04674 /* QuartzCore.framework */ = {isa = PBXFileReference; lastKnownFileType = wrapper.framework; name = QuartzCore.framework; path = System/Library/Frameworks/QuartzCore.framework; sourceTree = SDKROOT; };
		B941515717BCF0CA00A04674 /* PCLDynamicTypeLabel.h */ = {isa = PBXFileReference; fileEncoding = 4; lastKnownFileType = sourcecode.c.h; path = PCLDynamicTypeLabel.h; sourceTree = "<group>"; };
		B941515817BCF0CA00A04674 /* PCLDynamicTypeLabel.m */ = {isa = PBXFileReference; fileEncoding = 4; lastKnownFileType = sourcecode.c.objc; path = PCLDynamicTypeLabel.m; sourceTree = "<group>"; };
		B941515A17BCF0E300A04674 /* PCLFonts.h */ = {isa = PBXFileReference; fileEncoding = 4; lastKnownFileType = sourcecode.c.h; path = PCLFonts.h; sourceTree = "<group>"; };
		B941515B17BCF0E300A04674 /* PCLFonts.m */ = {isa = PBXFileReference; fileEncoding = 4; lastKnownFileType = sourcecode.c.objc; path = PCLFonts.m; sourceTree = "<group>"; };
		B941515D17BD2BF900A04674 /* PCLFontProvider.h */ = {isa = PBXFileReference; fileEncoding = 4; lastKnownFileType = sourcecode.c.h; path = PCLFontProvider.h; sourceTree = "<group>"; };
/* End PBXFileReference section */

/* Begin PBXFrameworksBuildPhase section */
		B941511A17BCF06A00A04674 /* Frameworks */ = {
			isa = PBXFrameworksBuildPhase;
			buildActionMask = 2147483647;
			files = (
				B941515617BCF08300A04674 /* QuartzCore.framework in Frameworks */,
				B941512317BCF06A00A04674 /* CoreGraphics.framework in Frameworks */,
				B941512517BCF06A00A04674 /* UIKit.framework in Frameworks */,
				B941512117BCF06A00A04674 /* Foundation.framework in Frameworks */,
			);
			runOnlyForDeploymentPostprocessing = 0;
		};
		B941513B17BCF06A00A04674 /* Frameworks */ = {
			isa = PBXFrameworksBuildPhase;
			buildActionMask = 2147483647;
			files = (
				B941514017BCF06A00A04674 /* XCTest.framework in Frameworks */,
				B941514217BCF06A00A04674 /* UIKit.framework in Frameworks */,
				B941514117BCF06A00A04674 /* Foundation.framework in Frameworks */,
			);
			runOnlyForDeploymentPostprocessing = 0;
		};
/* End PBXFrameworksBuildPhase section */

/* Begin PBXGroup section */
		B941511417BCF06A00A04674 = {
			isa = PBXGroup;
			children = (
				B941512617BCF06A00A04674 /* iOS7DynamicType */,
				B941514517BCF06A00A04674 /* iOS7DynamicTypeTests */,
				B941511F17BCF06A00A04674 /* Frameworks */,
				B941511E17BCF06A00A04674 /* Products */,
			);
			sourceTree = "<group>";
		};
		B941511E17BCF06A00A04674 /* Products */ = {
			isa = PBXGroup;
			children = (
				B941511D17BCF06A00A04674 /* iOS7DynamicType.app */,
				B941513E17BCF06A00A04674 /* iOS7DynamicTypeTests.xctest */,
			);
			name = Products;
			sourceTree = "<group>";
		};
		B941511F17BCF06A00A04674 /* Frameworks */ = {
			isa = PBXGroup;
			children = (
				B941515517BCF08300A04674 /* QuartzCore.framework */,
				B941512017BCF06A00A04674 /* Foundation.framework */,
				B941512217BCF06A00A04674 /* CoreGraphics.framework */,
				B941512417BCF06A00A04674 /* UIKit.framework */,
				B941513F17BCF06A00A04674 /* XCTest.framework */,
			);
			name = Frameworks;
			sourceTree = "<group>";
		};
		B941512617BCF06A00A04674 /* iOS7DynamicType */ = {
			isa = PBXGroup;
			children = (
				B941512F17BCF06A00A04674 /* SAAppDelegate.h */,
				B941513017BCF06A00A04674 /* SAAppDelegate.m */,
				B941513217BCF06A00A04674 /* Main.storyboard */,
				B941515717BCF0CA00A04674 /* PCLDynamicTypeLabel.h */,
				B941515817BCF0CA00A04674 /* PCLDynamicTypeLabel.m */,
				B941515D17BD2BF900A04674 /* PCLFontProvider.h */,
				B941515A17BCF0E300A04674 /* PCLFonts.h */,
				B941515B17BCF0E300A04674 /* PCLFonts.m */,
				B941513517BCF06A00A04674 /* SAViewController.h */,
				B941513617BCF06A00A04674 /* SAViewController.m */,
				B941513817BCF06A00A04674 /* Images.xcassets */,
				B941512717BCF06A00A04674 /* Supporting Files */,
			);
			path = iOS7DynamicType;
			sourceTree = "<group>";
		};
		B941512717BCF06A00A04674 /* Supporting Files */ = {
			isa = PBXGroup;
			children = (
				B941512817BCF06A00A04674 /* iOS7DynamicType-Info.plist */,
				B941512917BCF06A00A04674 /* InfoPlist.strings */,
				B941512C17BCF06A00A04674 /* main.m */,
				B941512E17BCF06A00A04674 /* iOS7DynamicType-Prefix.pch */,
			);
			name = "Supporting Files";
			sourceTree = "<group>";
		};
		B941514517BCF06A00A04674 /* iOS7DynamicTypeTests */ = {
			isa = PBXGroup;
			children = (
				B941514B17BCF06A00A04674 /* iOS7DynamicTypeTests.m */,
				B941514617BCF06A00A04674 /* Supporting Files */,
			);
			path = iOS7DynamicTypeTests;
			sourceTree = "<group>";
		};
		B941514617BCF06A00A04674 /* Supporting Files */ = {
			isa = PBXGroup;
			children = (
				B941514717BCF06A00A04674 /* iOS7DynamicTypeTests-Info.plist */,
				B941514817BCF06A00A04674 /* InfoPlist.strings */,
			);
			name = "Supporting Files";
			sourceTree = "<group>";
		};
/* End PBXGroup section */

/* Begin PBXNativeTarget section */
		B941511C17BCF06A00A04674 /* iOS7DynamicType */ = {
			isa = PBXNativeTarget;
			buildConfigurationList = B941514F17BCF06A00A04674 /* Build configuration list for PBXNativeTarget "iOS7DynamicType" */;
			buildPhases = (
				B941511917BCF06A00A04674 /* Sources */,
				B941511A17BCF06A00A04674 /* Frameworks */,
				B941511B17BCF06A00A04674 /* Resources */,
			);
			buildRules = (
			);
			dependencies = (
			);
			name = iOS7DynamicType;
			productName = iOS7DynamicType;
			productReference = B941511D17BCF06A00A04674 /* iOS7DynamicType.app */;
			productType = "com.apple.product-type.application";
		};
		B941513D17BCF06A00A04674 /* iOS7DynamicTypeTests */ = {
			isa = PBXNativeTarget;
			buildConfigurationList = B941515217BCF06A00A04674 /* Build configuration list for PBXNativeTarget "iOS7DynamicTypeTests" */;
			buildPhases = (
				B941513A17BCF06A00A04674 /* Sources */,
				B941513B17BCF06A00A04674 /* Frameworks */,
				B941513C17BCF06A00A04674 /* Resources */,
			);
			buildRules = (
			);
			dependencies = (
				B941514417BCF06A00A04674 /* PBXTargetDependency */,
			);
			name = iOS7DynamicTypeTests;
			productName = iOS7DynamicTypeTests;
			productReference = B941513E17BCF06A00A04674 /* iOS7DynamicTypeTests.xctest */;
			productType = "com.apple.product-type.bundle.unit-test";
		};
/* End PBXNativeTarget section */

/* Begin PBXProject section */
		B941511517BCF06A00A04674 /* Project object */ = {
			isa = PBXProject;
			attributes = {
				CLASSPREFIX = SA;
				LastUpgradeCheck = 0500;
				ORGANIZATIONNAME = "Stefan Herold";
				TargetAttributes = {
					B941513D17BCF06A00A04674 = {
						TestTargetID = B941511C17BCF06A00A04674;
					};
				};
			};
			buildConfigurationList = B941511817BCF06A00A04674 /* Build configuration list for PBXProject "iOS7DynamicType" */;
			compatibilityVersion = "Xcode 3.2";
			developmentRegion = English;
			hasScannedForEncodings = 0;
			knownRegions = (
				en,
				Base,
			);
			mainGroup = B941511417BCF06A00A04674;
			productRefGroup = B941511E17BCF06A00A04674 /* Products */;
			projectDirPath = "";
			projectRoot = "";
			targets = (
				B941511C17BCF06A00A04674 /* iOS7DynamicType */,
				B941513D17BCF06A00A04674 /* iOS7DynamicTypeTests */,
			);
		};
/* End PBXProject section */

/* Begin PBXResourcesBuildPhase section */
		B941511B17BCF06A00A04674 /* Resources */ = {
			isa = PBXResourcesBuildPhase;
			buildActionMask = 2147483647;
			files = (
				B941513917BCF06A00A04674 /* Images.xcassets in Resources */,
				B941512B17BCF06A00A04674 /* InfoPlist.strings in Resources */,
				B941513417BCF06A00A04674 /* Main.storyboard in Resources */,
			);
			runOnlyForDeploymentPostprocessing = 0;
		};
		B941513C17BCF06A00A04674 /* Resources */ = {
			isa = PBXResourcesBuildPhase;
			buildActionMask = 2147483647;
			files = (
				B941514A17BCF06A00A04674 /* InfoPlist.strings in Resources */,
			);
			runOnlyForDeploymentPostprocessing = 0;
		};
/* End PBXResourcesBuildPhase section */

/* Begin PBXSourcesBuildPhase section */
		B941511917BCF06A00A04674 /* Sources */ = {
			isa = PBXSourcesBuildPhase;
			buildActionMask = 2147483647;
			files = (
				B941515C17BCF0E300A04674 /* PCLFonts.m in Sources */,
				B941513117BCF06A00A04674 /* SAAppDelegate.m in Sources */,
				B941513717BCF06A00A04674 /* SAViewController.m in Sources */,
				B941515917BCF0CA00A04674 /* PCLDynamicTypeLabel.m in Sources */,
				B941512D17BCF06A00A04674 /* main.m in Sources */,
			);
			runOnlyForDeploymentPostprocessing = 0;
		};
		B941513A17BCF06A00A04674 /* Sources */ = {
			isa = PBXSourcesBuildPhase;
			buildActionMask = 2147483647;
			files = (
				B941514C17BCF06A00A04674 /* iOS7DynamicTypeTests.m in Sources */,
			);
			runOnlyForDeploymentPostprocessing = 0;
		};
/* End PBXSourcesBuildPhase section */

/* Begin PBXTargetDependency section */
		B941514417BCF06A00A04674 /* PBXTargetDependency */ = {
			isa = PBXTargetDependency;
			target = B941511C17BCF06A00A04674 /* iOS7DynamicType */;
			targetProxy = B941514317BCF06A00A04674 /* PBXContainerItemProxy */;
		};
/* End PBXTargetDependency section */

/* Begin PBXVariantGroup section */
		B941512917BCF06A00A04674 /* InfoPlist.strings */ = {
			isa = PBXVariantGroup;
			children = (
				B941512A17BCF06A00A04674 /* en */,
			);
			name = InfoPlist.strings;
			sourceTree = "<group>";
		};
		B941513217BCF06A00A04674 /* Main.storyboard */ = {
			isa = PBXVariantGroup;
			children = (
				B941513317BCF06A00A04674 /* Base */,
			);
			name = Main.storyboard;
			sourceTree = "<group>";
		};
		B941514817BCF06A00A04674 /* InfoPlist.strings */ = {
			isa = PBXVariantGroup;
			children = (
				B941514917BCF06A00A04674 /* en */,
			);
			name = InfoPlist.strings;
			sourceTree = "<group>";
		};
/* End PBXVariantGroup section */

/* Begin XCBuildConfiguration section */
		B941514D17BCF06A00A04674 /* Debug */ = {
			isa = XCBuildConfiguration;
			buildSettings = {
				ALWAYS_SEARCH_USER_PATHS = NO;
				CLANG_CXX_LANGUAGE_STANDARD = "gnu++0x";
				CLANG_CXX_LIBRARY = "libc++";
				CLANG_ENABLE_MODULES = YES;
				CLANG_ENABLE_OBJC_ARC = YES;
				CLANG_WARN_BOOL_CONVERSION = YES;
				CLANG_WARN_CONSTANT_CONVERSION = YES;
				CLANG_WARN_DIRECT_OBJC_ISA_USAGE = YES_ERROR;
				CLANG_WARN_EMPTY_BODY = YES;
				CLANG_WARN_ENUM_CONVERSION = YES;
				CLANG_WARN_INT_CONVERSION = YES;
				CLANG_WARN_OBJC_ROOT_CLASS = YES_ERROR;
				CLANG_WARN__DUPLICATE_METHOD_MATCH = YES;
				"CODE_SIGN_IDENTITY[sdk=iphoneos*]" = "iPhone Developer";
				COPY_PHASE_STRIP = NO;
				GCC_C_LANGUAGE_STANDARD = gnu99;
				GCC_DYNAMIC_NO_PIC = NO;
				GCC_OPTIMIZATION_LEVEL = 0;
				GCC_PREPROCESSOR_DEFINITIONS = (
					"DEBUG=1",
					"$(inherited)",
				);
				GCC_SYMBOLS_PRIVATE_EXTERN = NO;
				GCC_WARN_ABOUT_RETURN_TYPE = YES_ERROR;
				GCC_WARN_UNDECLARED_SELECTOR = YES;
				GCC_WARN_UNINITIALIZED_AUTOS = YES;
				GCC_WARN_UNUSED_FUNCTION = YES;
				GCC_WARN_UNUSED_VARIABLE = YES;
				IPHONEOS_DEPLOYMENT_TARGET = 7.0;
				ONLY_ACTIVE_ARCH = YES;
				SDKROOT = iphoneos;
			};
			name = Debug;
		};
		B941514E17BCF06A00A04674 /* Release */ = {
			isa = XCBuildConfiguration;
			buildSettings = {
				ALWAYS_SEARCH_USER_PATHS = NO;
				CLANG_CXX_LANGUAGE_STANDARD = "gnu++0x";
				CLANG_CXX_LIBRARY = "libc++";
				CLANG_ENABLE_MODULES = YES;
				CLANG_ENABLE_OBJC_ARC = YES;
				CLANG_WARN_BOOL_CONVERSION = YES;
				CLANG_WARN_CONSTANT_CONVERSION = YES;
				CLANG_WARN_DIRECT_OBJC_ISA_USAGE = YES_ERROR;
				CLANG_WARN_EMPTY_BODY = YES;
				CLANG_WARN_ENUM_CONVERSION = YES;
				CLANG_WARN_INT_CONVERSION = YES;
				CLANG_WARN_OBJC_ROOT_CLASS = YES_ERROR;
				CLANG_WARN__DUPLICATE_METHOD_MATCH = YES;
				"CODE_SIGN_IDENTITY[sdk=iphoneos*]" = "iPhone Developer";
				COPY_PHASE_STRIP = YES;
				ENABLE_NS_ASSERTIONS = NO;
				GCC_C_LANGUAGE_STANDARD = gnu99;
				GCC_WARN_ABOUT_RETURN_TYPE = YES_ERROR;
				GCC_WARN_UNDECLARED_SELECTOR = YES;
				GCC_WARN_UNINITIALIZED_AUTOS = YES;
				GCC_WARN_UNUSED_FUNCTION = YES;
				GCC_WARN_UNUSED_VARIABLE = YES;
				IPHONEOS_DEPLOYMENT_TARGET = 7.0;
				SDKROOT = iphoneos;
				VALIDATE_PRODUCT = YES;
			};
			name = Release;
		};
		B941515017BCF06A00A04674 /* Debug */ = {
			isa = XCBuildConfiguration;
			buildSettings = {
				ASSETCATALOG_COMPILER_APPICON_NAME = AppIcon;
				ASSETCATALOG_COMPILER_LAUNCHIMAGE_NAME = LaunchImage;
				GCC_PRECOMPILE_PREFIX_HEADER = YES;
				GCC_PREFIX_HEADER = "iOS7DynamicType/iOS7DynamicType-Prefix.pch";
				INFOPLIST_FILE = "iOS7DynamicType/iOS7DynamicType-Info.plist";
				PRODUCT_NAME = "$(TARGET_NAME)";
				WRAPPER_EXTENSION = app;
			};
			name = Debug;
		};
		B941515117BCF06A00A04674 /* Release */ = {
			isa = XCBuildConfiguration;
			buildSettings = {
				ASSETCATALOG_COMPILER_APPICON_NAME = AppIcon;
				ASSETCATALOG_COMPILER_LAUNCHIMAGE_NAME = LaunchImage;
				GCC_PRECOMPILE_PREFIX_HEADER = YES;
				GCC_PREFIX_HEADER = "iOS7DynamicType/iOS7DynamicType-Prefix.pch";
				INFOPLIST_FILE = "iOS7DynamicType/iOS7DynamicType-Info.plist";
				PRODUCT_NAME = "$(TARGET_NAME)";
				WRAPPER_EXTENSION = app;
			};
			name = Release;
		};
		B941515317BCF06A00A04674 /* Debug */ = {
			isa = XCBuildConfiguration;
			buildSettings = {
				BUNDLE_LOADER = "$(BUILT_PRODUCTS_DIR)/iOS7DynamicType.app/iOS7DynamicType";
				FRAMEWORK_SEARCH_PATHS = (
					"$(SDKROOT)/Developer/Library/Frameworks",
					"$(inherited)",
					"$(DEVELOPER_FRAMEWORKS_DIR)",
				);
				GCC_PRECOMPILE_PREFIX_HEADER = YES;
				GCC_PREFIX_HEADER = "iOS7DynamicType/iOS7DynamicType-Prefix.pch";
				GCC_PREPROCESSOR_DEFINITIONS = (
					"DEBUG=1",
					"$(inherited)",
				);
				INFOPLIST_FILE = "iOS7DynamicTypeTests/iOS7DynamicTypeTests-Info.plist";
				PRODUCT_NAME = "$(TARGET_NAME)";
				TEST_HOST = "$(BUNDLE_LOADER)";
				WRAPPER_EXTENSION = xctest;
			};
			name = Debug;
		};
		B941515417BCF06A00A04674 /* Release */ = {
			isa = XCBuildConfiguration;
			buildSettings = {
				BUNDLE_LOADER = "$(BUILT_PRODUCTS_DIR)/iOS7DynamicType.app/iOS7DynamicType";
				FRAMEWORK_SEARCH_PATHS = (
					"$(SDKROOT)/Developer/Library/Frameworks",
					"$(inherited)",
					"$(DEVELOPER_FRAMEWORKS_DIR)",
				);
				GCC_PRECOMPILE_PREFIX_HEADER = YES;
				GCC_PREFIX_HEADER = "iOS7DynamicType/iOS7DynamicType-Prefix.pch";
				INFOPLIST_FILE = "iOS7DynamicTypeTests/iOS7DynamicTypeTests-Info.plist";
				PRODUCT_NAME = "$(TARGET_NAME)";
				TEST_HOST = "$(BUNDLE_LOADER)";
				WRAPPER_EXTENSION = xctest;
			};
			name = Release;
		};
/* End XCBuildConfiguration section */

/* Begin XCConfigurationList section */
		B941511817BCF06A00A04674 /* Build configuration list for PBXProject "iOS7DynamicType" */ = {
			isa = XCConfigurationList;
			buildConfigurations = (
				B941514D17BCF06A00A04674 /* Debug */,
				B941514E17BCF06A00A04674 /* Release */,
			);
			defaultConfigurationIsVisible = 0;
			defaultConfigurationName = Release;
		};
		B941514F17BCF06A00A04674 /* Build configuration list for PBXNativeTarget "iOS7DynamicType" */ = {
			isa = XCConfigurationList;
			buildConfigurations = (
				B941515017BCF06A00A04674 /* Debug */,
				B941515117BCF06A00A04674 /* Release */,
			);
			defaultConfigurationIsVisible = 0;
		};
		B941515217BCF06A00A04674 /* Build configuration list for PBXNativeTarget "iOS7DynamicTypeTests" */ = {
			isa = XCConfigurationList;
			buildConfigurations = (
				B941515317BCF06A00A04674 /* Debug */,
				B941515417BCF06A00A04674 /* Release */,
			);
			defaultConfigurationIsVisible = 0;
		};
/* End XCConfigurationList section */
	};
	rootObject = B941511517BCF06A00A04674 /* Project object */;
}
